# This file is generated by running "yarn install" inside your project.
# Manual changes might be lost - proceed with caution!

__metadata:
  version: 10
  cacheKey: 10c0

"@isaacs/fs-minipass@npm:^4.0.0":
  version: 4.0.1
  resolution: "@isaacs/fs-minipass@npm:4.0.1"
  dependencies:
    minipass: "npm:^7.0.4"
  checksum: 10c0/c25b6dc1598790d5b55c0947a9b7d111cfa92594db5296c3b907e2f533c033666f692a3939eadac17b1c7c40d362d0b0635dc874cbfe3e70db7c2b07cc97a5d2
  languageName: node
  linkType: hard

"@jridgewell/gen-mapping@npm:^0.3.5":
  version: 0.3.13
  resolution: "@jridgewell/gen-mapping@npm:0.3.13"
  dependencies:
    "@jridgewell/sourcemap-codec": "npm:^1.5.0"
    "@jridgewell/trace-mapping": "npm:^0.3.24"
  checksum: 10c0/9a7d65fb13bd9aec1fbab74cda08496839b7e2ceb31f5ab922b323e94d7c481ce0fc4fd7e12e2610915ed8af51178bdc61e168e92a8c8b8303b030b03489b13b
  languageName: node
  linkType: hard

"@jridgewell/resolve-uri@npm:^3.1.0":
  version: 3.1.2
  resolution: "@jridgewell/resolve-uri@npm:3.1.2"
  checksum: 10c0/d502e6fb516b35032331406d4e962c21fe77cdf1cbdb49c6142bcbd9e30507094b18972778a6e27cbad756209cfe34b1a27729e6fa08a2eb92b33943f680cf1e
  languageName: node
  linkType: hard

"@jridgewell/source-map@npm:^0.3.3":
  version: 0.3.11
  resolution: "@jridgewell/source-map@npm:0.3.11"
  dependencies:
    "@jridgewell/gen-mapping": "npm:^0.3.5"
    "@jridgewell/trace-mapping": "npm:^0.3.25"
  checksum: 10c0/50a4fdafe0b8f655cb2877e59fe81320272eaa4ccdbe6b9b87f10614b2220399ae3e05c16137a59db1f189523b42c7f88bd097ee991dbd7bc0e01113c583e844
  languageName: node
  linkType: hard

"@jridgewell/sourcemap-codec@npm:^1.4.14, @jridgewell/sourcemap-codec@npm:^1.5.0":
  version: 1.5.5
  resolution: "@jridgewell/sourcemap-codec@npm:1.5.5"
  checksum: 10c0/f9e538f302b63c0ebc06eecb1dd9918dd4289ed36147a0ddce35d6ea4d7ebbda243cda7b2213b6a5e1d8087a298d5cf630fb2bd39329cdecb82017023f6081a0
  languageName: node
  linkType: hard

"@jridgewell/trace-mapping@npm:^0.3.24, @jridgewell/trace-mapping@npm:^0.3.25":
  version: 0.3.31
  resolution: "@jridgewell/trace-mapping@npm:0.3.31"
  dependencies:
    "@jridgewell/resolve-uri": "npm:^3.1.0"
    "@jridgewell/sourcemap-codec": "npm:^1.4.14"
  checksum: 10c0/4b30ec8cd56c5fd9a661f088230af01e0c1a3888d11ffb6b47639700f71225be21d1f7e168048d6d4f9449207b978a235c07c8f15c07705685d16dc06280e9d9
  languageName: node
  linkType: hard

"@parcel/watcher-android-arm64@npm:2.6.0":
  version: 2.6.0
  resolution: "@parcel/watcher-android-arm64@npm:2.6.0"
  conditions: os=android & cpu=arm64
  languageName: node
  linkType: hard

"@parcel/watcher-darwin-arm64@npm:2.6.0":
  version: 2.6.0
  resolution: "@parcel/watcher-darwin-arm64@npm:2.6.0"
  conditions: os=darwin & cpu=arm64
  languageName: node
  linkType: hard

"@parcel/watcher-darwin-x64@npm:2.6.0":
  version: 2.6.0
  resolution: "@parcel/watcher-darwin-x64@npm:2.6.0"
  conditions: os=darwin & cpu=x64
  languageName: node
  linkType: hard

"@parcel/watcher-freebsd-x64@npm:2.6.0":
  version: 2.6.0
  resolution: "@parcel/watcher-freebsd-x64@npm:2.6.0"
  conditions: os=freebsd & cpu=x64
  languageName: node
  linkType: hard

"@parcel/watcher-linux-arm-glibc@npm:2.6.0":
  version: 2.6.0
  resolution: "@parcel/watcher-linux-arm-glibc@npm:2.6.0"
  conditions: os=linux & cpu=arm & libc=glibc
  languageName: node
  linkType: hard

"@parcel/watcher-linux-arm-musl@npm:2.6.0":
  version: 2.6.0
  resolution: "@parcel/watcher-linux-arm-musl@npm:2.6.0"
  conditions: os=linux & cpu=arm & libc=musl
  languageName: node
  linkType: hard

"@parcel/watcher-linux-arm64-glibc@npm:2.6.0":
  version: 2.6.0
  resolution: "@parcel/watcher-linux-arm64-glibc@npm:2.6.0"
  conditions: os=linux & cpu=arm64 & libc=glibc
  languageName: node
  linkType: hard

"@parcel/watcher-linux-arm64-musl@npm:2.6.0":
  version: 2.6.0
  resolution: "@parcel/watcher-linux-arm64-musl@npm:2.6.0"
  conditions: os=linux & cpu=arm64 & libc=musl
  languageName: node
  linkType: hard

"@parcel/watcher-linux-x64-glibc@npm:2.6.0":
  version: 2.6.0
  resolution: "@parcel/watcher-linux-x64-glibc@npm:2.6.0"
  conditions: os=linux & cpu=x64 & libc=glibc
  languageName: node
  linkType: hard

"@parcel/watcher-linux-x64-musl@npm:2.6.0":
  version: 2.6.0
  resolution: "@parcel/watcher-linux-x64-musl@npm:2.6.0"
  conditions: os=linux & cpu=x64 & libc=musl
  languageName: node
  linkType: hard

"@parcel/watcher-win32-arm64@npm:2.6.0":
  version: 2.6.0
  resolution: "@parcel/watcher-win32-arm64@npm:2.6.0"
  conditions: os=win32 & cpu=arm64
  languageName: node
  linkType: hard

"@parcel/watcher-win32-x64@npm:2.6.0":
  version: 2.6.0
  resolution: "@parcel/watcher-win32-x64@npm:2.6.0"
  conditions: os=win32 & cpu=x64
  languageName: node
  linkType: hard

"@parcel/watcher@npm:^2.4.1":
  version: 2.6.0
  resolution: "@parcel/watcher@npm:2.6.0"
  dependencies:
    "@parcel/watcher-android-arm64": "npm:2.6.0"
    "@parcel/watcher-darwin-arm64": "npm:2.6.0"
    "@parcel/watcher-darwin-x64": "npm:2.6.0"
    "@parcel/watcher-freebsd-x64": "npm:2.6.0"
    "@parcel/watcher-linux-arm-glibc": "npm:2.6.0"
    "@parcel/watcher-linux-arm-musl": "npm:2.6.0"
    "@parcel/watcher-linux-arm64-glibc": "npm:2.6.0"
    "@parcel/watcher-linux-arm64-musl": "npm:2.6.0"
    "@parcel/watcher-linux-x64-glibc": "npm:2.6.0"
    "@parcel/watcher-linux-x64-musl": "npm:2.6.0"
    "@parcel/watcher-win32-arm64": "npm:2.6.0"
    "@parcel/watcher-win32-x64": "npm:2.6.0"
    detect-libc: "npm:^2.0.3"
    is-glob: "npm:^4.0.3"
    node-addon-api: "npm:^7.0.0"
    node-gyp: "npm:latest"
    picomatch: "npm:^4.0.4"
  dependenciesMeta:
    "@parcel/watcher-android-arm64":
      optional: true
    "@parcel/watcher-darwin-arm64":
      optional: true
    "@parcel/watcher-darwin-x64":
      optional: true
    "@parcel/watcher-freebsd-x64":
      optional: true
    "@parcel/watcher-linux-arm-glibc":
      optional: true
    "@parcel/watcher-linux-arm-musl":
      optional: true
    "@parcel/watcher-linux-arm64-glibc":
      optional: true
    "@parcel/watcher-linux-arm64-musl":
      optional: true
    "@parcel/watcher-linux-x64-glibc":
      optional: true
    "@parcel/watcher-linux-x64-musl":
      optional: true
    "@parcel/watcher-win32-arm64":
      optional: true
    "@parcel/watcher-win32-x64":
      optional: true
  checksum: 10c0/0d6799bdf7d59a1ab5e4a79859035f387a66078586d9543eef0b9bd01c9d61cebe3b64eb96f0bd1f8bf50f07ed7266a1628604b66dc63025a3cee19be2e60d65
  languageName: node
  linkType: hard

"abbrev@npm:^5.0.0":
  version: 5.0.0
  resolution: "abbrev@npm:5.0.0"
  checksum: 10c0/8e88f5c798ea4562d28c5a3e9ad69e3879890bc5d695d8f2dffb8609be4c890aacc8f80ef4553fdd2c6a62d70c2ce8bc57b38074e383beb7487bdafa9ed42ea5
  languageName: node
  linkType: hard

"acorn@npm:^8.15.0":
  version: 8.18.0
  resolution: "acorn@npm:8.18.0"
  bin:
    acorn: bin/acorn
  checksum: 10c0/be771be2135cc07910cf76f444ad514d7dcfd6d4a8026e597e93155275abc8ef61eee12211d52146e9d962874269b634f397464942087be013c89d0c54c5f8e5
  languageName: node
  linkType: hard

"autoprefixer@npm:^10.5.4":
  version: 10.5.4
  resolution: "autoprefixer@npm:10.5.4"
  dependencies:
    browserslist: "npm:^4.28.6"
    caniuse-lite: "npm:^1.0.30001806"
    fraction.js: "npm:^5.3.4"
    picocolors: "npm:^1.1.1"
    postcss-value-parser: "npm:^4.2.0"
  peerDependencies:
    postcss: ^8.1.0
  bin:
    autoprefixer: bin/autoprefixer
  checksum: 10c0/274ebc9fa50ac0d7a5aa9bc29baa502f2d2006f47a899dac2de4ba86c989defaa62b096e68692e15d53c9ed2b62c57dd047ceba61d344908d8b6e61f220a10e8
  languageName: node
  linkType: hard

"baseline-browser-mapping@npm:^2.11.12":
  version: 2.11.17
  resolution: "baseline-browser-mapping@npm:2.11.17"
  bin:
    baseline-browser-mapping: dist/cli.cjs
  checksum: 10c0/5f3e498a9a4ef506cde2140b1e08db80718dca2fc2c6d02cf2fb47ed06095f67d7e27260bb1353b68390062ebbe4435bb71e6d35b2e9eea5dc8dd4399e4c51f3
  languageName: node
  linkType: hard

"browserslist@npm:^4.28.6":
  version: 4.28.8
  resolution: "browserslist@npm:4.28.8"
  dependencies:
    baseline-browser-mapping: "npm:^2.11.12"
    caniuse-lite: "npm:^1.0.30001809"
    electron-to-chromium: "npm:^1.5.402"
    node-releases: "npm:^2.0.53"
    update-browserslist-db: "npm:^1.3.0"
  bin:
    browserslist: cli.js
  checksum: 10c0/047dd517c8d1f1f56a253d752c3127b8ad01c58e4cbb7e21cb5cd07ebd13e083a2237c3afb13eb60674282c9132bd4534aea2c3ff7c6f7d29be0687a00cbd537
  languageName: node
  linkType: hard

"buffer-from@npm:^1.0.0":
  version: 1.1.2
  resolution: "buffer-from@npm:1.1.2"
  checksum: 10c0/124fff9d66d691a86d3b062eff4663fe437a9d9ee4b47b1b9e97f5a5d14f6d5399345db80f796827be7c95e70a8e765dd404b7c3ff3b3324f98e9b0c8826cc34
  languageName: node
  linkType: hard

"caniuse-lite@npm:^1.0.30001806, caniuse-lite@npm:^1.0.30001809":
  version: 1.0.30001809
  resolution: "caniuse-lite@npm:1.0.30001809"
  checksum: 10c0/cac2ed4e66cc6c4cbf126b94d2c02012566eb92f93c89949290f99edcd2bdc4ed1290b5c537ccb9b42c773936a479ed468e5d4e9b8938b126a0947090e42e008
  languageName: node
  linkType: hard

"chokidar@npm:^5.0.0":
  version: 5.0.0
  resolution: "chokidar@npm:5.0.0"
  dependencies:
    readdirp: "npm:^5.0.0"
  checksum: 10c0/42fc907cb2a7ff5c9e220f84dae75380a77997f851c2a5e7865a2cf9ae45dd407a23557208cdcdbf3ac8c93341135a1748e4c48c31855f3bfa095e5159b6bdec
  languageName: node
  linkType: hard

"chownr@npm:^3.0.0":
  version: 3.0.0
  resolution: "chownr@npm:3.0.0"
  checksum: 10c0/43925b87700f7e3893296c8e9c56cc58f926411cce3a6e5898136daaf08f08b9a8eb76d37d3267e707d0dcc17aed2e2ebdf5848c0c3ce95cf910a919935c1b10
  languageName: node
  linkType: hard

"commander@npm:^2.20.0":
  version: 2.20.3
  resolution: "commander@npm:2.20.3"
  checksum: 10c0/74c781a5248c2402a0a3e966a0a2bba3c054aad144f5c023364be83265e796b20565aa9feff624132ff629aa64e16999fa40a743c10c12f7c61e96a794b99288
  languageName: node
  linkType: hard

"detect-libc@npm:^2.0.3":
  version: 2.1.2
  resolution: "detect-libc@npm:2.1.2"
  checksum: 10c0/acc675c29a5649fa1fb6e255f993b8ee829e510b6b56b0910666949c80c364738833417d0edb5f90e4e46be17228b0f2b66a010513984e18b15deeeac49369c4
  languageName: node
  linkType: hard

"electron-to-chromium@npm:^1.5.402":
  version: 1.5.412
  resolution: "electron-to-chromium@npm:1.5.412"
  checksum: 10c0/09834068e660fe6d888863e0a7f1ae4f2f42d9c77822d7a864eb79dc1643fb48c0b806cb17b162ed1f8794533d9299d5abdb14c3a10939c9276674f0ff9a8f9a
  languageName: node
  linkType: hard

"env-paths@npm:^2.2.0":
  version: 2.2.1
  resolution: "env-paths@npm:2.2.1"
  checksum: 10c0/285325677bf00e30845e330eec32894f5105529db97496ee3f598478e50f008c5352a41a30e5e72ec9de8a542b5a570b85699cd63bd2bc646dbcb9f311d83bc4
  languageName: node
  linkType: hard

"escalade@npm:^3.2.0":
  version: 3.2.0
  resolution: "escalade@npm:3.2.0"
  checksum: 10c0/ced4dd3a78e15897ed3be74e635110bbf3b08877b0a41be50dcb325ee0e0b5f65fc2d50e9845194d7c4633f327e2e1c6cce00a71b617c5673df0374201d67f65
  languageName: node
  linkType: hard

"exponential-backoff@npm:^3.1.1":
  version: 3.1.3
  resolution: "exponential-backoff@npm:3.1.3"
  checksum: 10c0/77e3ae682b7b1f4972f563c6dbcd2b0d54ac679e62d5d32f3e5085feba20483cf28bd505543f520e287a56d4d55a28d7874299941faf637e779a1aa5994d1267
  languageName: node
  linkType: hard

"fdir@npm:^6.5.0":
  version: 6.5.0
  resolution: "fdir@npm:6.5.0"
  peerDependencies:
    picomatch: ^3 || ^4
  peerDependenciesMeta:
    picomatch:
      optional: true
  checksum: 10c0/e345083c4306b3aed6cb8ec551e26c36bab5c511e99ea4576a16750ddc8d3240e63826cc624f5ae17ad4dc82e68a253213b60d556c11bfad064b7607847ed07f
  languageName: node
  linkType: hard

"flatpickr@npm:^4.6.13":
  version: 4.6.13
  resolution: "flatpickr@npm:4.6.13"
  checksum: 10c0/0e027e72a2ce1716840a8c0bf9094f48d2665dc3f3024bf9604810c5bd7dd94aa830b133c5b5cfc0c330fc88939f33b54c8714515957f9d194c3a3bb7f75a1e2
  languageName: node
  linkType: hard

"fraction.js@npm:^5.3.4":
  version: 5.3.4
  resolution: "fraction.js@npm:5.3.4"
  checksum: 10c0/f90079fe9bfc665e0a07079938e8ff71115bce9462f17b32fc283f163b0540ec34dc33df8ed41bb56f028316b04361b9a9995b9ee9258617f8338e0b05c5f95a
  languageName: node
  linkType: hard

"graceful-fs@npm:^4.2.6":
  version: 4.2.11
  resolution: "graceful-fs@npm:4.2.11"
  checksum: 10c0/386d011a553e02bc594ac2ca0bd6d9e4c22d7fa8cfbfc448a6d148c59ea881b092db9dbe3547ae4b88e55f1b01f7c4a2ecc53b310c042793e63aa44cf6c257f2
  languageName: node
  linkType: hard

"immutable@npm:^5.1.5":
  version: 5.1.9
  resolution: "immutable@npm:5.1.9"
  checksum: 10c0/ae7032b60b81b682f3e7e4df13e1ec9a401a603eb81b15bb3e37331ed6666e318c71994c6936e1462eb443d32d04769396562a7e2669da22457c8ba279c03ad2
  languageName: node
  linkType: hard

"is-extglob@npm:^2.1.1":
  version: 2.1.1
  resolution: "is-extglob@npm:2.1.1"
  checksum: 10c0/5487da35691fbc339700bbb2730430b07777a3c21b9ebaecb3072512dfd7b4ba78ac2381a87e8d78d20ea08affb3f1971b4af629173a6bf435ff8a4c47747912
  languageName: node
  linkType: hard

"is-glob@npm:^4.0.3":
  version: 4.0.3
  resolution: "is-glob@npm:4.0.3"
  dependencies:
    is-extglob: "npm:^2.1.1"
  checksum: 10c0/17fb4014e22be3bbecea9b2e3a76e9e34ff645466be702f1693e8f1ee1adac84710d0be0bd9f967d6354036fd51ab7c2741d954d6e91dae6bb69714de92c197a
  languageName: node
  linkType: hard

"isexe@npm:^4.0.0":
  version: 4.0.0
  resolution: "isexe@npm:4.0.0"
  checksum: 10c0/5884815115bceac452877659a9c7726382531592f43dc29e5d48b7c4100661aed54018cb90bd36cb2eaeba521092570769167acbb95c18d39afdccbcca06c5ce
  languageName: node
  linkType: hard

"jssha@npm:^3.3.2":
  version: 3.3.2
  resolution: "jssha@npm:3.3.2"
  checksum: 10c0/e44a5e98eb83a5315b087789550451ecdba6c72093584256fbee5ac67010be3036cbbb14c5b1669c41cd9abd942dc22239c54ac14aff7ce17c0324b5f477b2bd
  languageName: node
  linkType: hard

"luxon@npm:^3.7.2":
  version: 3.7.2
  resolution: "luxon@npm:3.7.2"
  checksum: 10c0/ed8f0f637826c08c343a29dd478b00628be93bba6f068417b1d8896b61cb61c6deacbe1df1e057dbd9298334044afa150f9aaabbeb3181418ac8520acfdc2ae2
  languageName: node
  linkType: hard

"minipass@npm:^7.0.4, minipass@npm:^7.1.2":
  version: 7.1.3
  resolution: "minipass@npm:7.1.3"
  checksum: 10c0/539da88daca16533211ea5a9ee98dc62ff5742f531f54640dd34429e621955e91cc280a91a776026264b7f9f6735947629f920944e9c1558369e8bf22eb33fbb
  languageName: node
  linkType: hard

"minizlib@npm:^3.1.0":
  version: 3.1.0
  resolution: "minizlib@npm:3.1.0"
  dependencies:
    minipass: "npm:^7.1.2"
  checksum: 10c0/5aad75ab0090b8266069c9aabe582c021ae53eb33c6c691054a13a45db3b4f91a7fb1bd79151e6b4e9e9a86727b522527c0a06ec7d45206b745d54cd3097bcec
  languageName: node
  linkType: hard

"nacss-reset@github:takty/nacss-reset":
  version: 1.0.0
  resolution: "nacss-reset@https://github.com/takty/nacss-reset.git#commit=088769b6336fe0af12e64c95770987bc275657bc"
  dependencies:
    autoprefixer: "npm:^10.5.4"
    postcss: "npm:^8.5.26"
    sass: "npm:^1.103.0"
  checksum: 10c0/4cafbb2a51018e37147478e683643b0b1b4a745f6e879376397fe024ab23bc49c004a59036faa18233d8c3e99d80f77e1f706aa1a0a7d314d9dabbb686ee1843
  languageName: node
  linkType: hard

"nanoid@npm:^3.3.17":
  version: 3.3.18
  resolution: "nanoid@npm:3.3.18"
  bin:
    nanoid: bin/nanoid.cjs
  checksum: 10c0/b994b4e396730f8be2520923284e2040d61eaee55cc6d4935ef6d38d34bafdc46133eda4d3faea5073bda545aa6079d82b886caeac5c731cf9ac18bcc1301425
  languageName: node
  linkType: hard

"newtrino@workspace:.":
  version: 0.0.0-use.local
  resolution: "newtrino@workspace:."
  dependencies:
    autoprefixer: "npm:^10.5.4"
    flatpickr: "npm:^4.6.13"
    jssha: "npm:^3.3.2"
    luxon: "npm:^3.7.2"
    nacss-reset: "github:takty/nacss-reset"
    postcss: "npm:^8.5.26"
    sass: "npm:^1.103.1"
    terser: "npm:^5.50.0"
    tinymce: "npm:^6.8.3"
    tinymce-i18n: "npm:^26.8.2"
  languageName: unknown
  linkType: soft

"node-addon-api@npm:^7.0.0":
  version: 7.1.1
  resolution: "node-addon-api@npm:7.1.1"
  dependencies:
    node-gyp: "npm:latest"
  checksum: 10c0/fb32a206276d608037fa1bcd7e9921e177fe992fc610d098aa3128baca3c0050fc1e014fa007e9b3874cf865ddb4f5bd9f43ccb7cbbbe4efaff6a83e920b17e9
  languageName: node
  linkType: hard

"node-gyp@npm:latest":
  version: 13.0.1
  resolution: "node-gyp@npm:13.0.1"
  dependencies:
    env-paths: "npm:^2.2.0"
    exponential-backoff: "npm:^3.1.1"
    graceful-fs: "npm:^4.2.6"
    nopt: "npm:^10.0.0"
    proc-log: "npm:^7.0.0"
    semver: "npm:^7.3.5"
    tar: "npm:^7.5.4"
    tinyglobby: "npm:^0.2.12"
    undici: "npm:^8.4.1"
    which: "npm:^7.0.0"
  bin:
    node-gyp: bin/node-gyp.js
  checksum: 10c0/424077bc9e9bbe953a8e86db473ba818cbc6a121714008c977fd589e21e5f0c811fbf22faac730dc7182450b5e52df301811d01ae3373898658d999b7710f4e6
  languageName: node
  linkType: hard

"node-releases@npm:^2.0.53":
  version: 2.0.53
  resolution: "node-releases@npm:2.0.53"
  checksum: 10c0/db9fb29b21ec12e223ead8bd9406100ff14fce01678a9a4865e288098456b84869431421a739f216aa520b6f57d9425f6537662501ae8a2d9e1771bfa87751bc
  languageName: node
  linkType: hard

"nopt@npm:^10.0.0":
  version: 10.0.1
  resolution: "nopt@npm:10.0.1"
  dependencies:
    abbrev: "npm:^5.0.0"
  bin:
    nopt: bin/nopt.js
  checksum: 10c0/980d89257f9587f3e1f77877ddbf905d6aa3b738ec33e49a4fa1a059a0dd82eb28063982b150654a7ae9de386f2ead60e56172db7d37cf56de545f7392a2a26a
  languageName: node
  linkType: hard

"picocolors@npm:^1.1.1":
  version: 1.1.1
  resolution: "picocolors@npm:1.1.1"
  checksum: 10c0/e2e3e8170ab9d7c7421969adaa7e1b31434f789afb9b3f115f6b96d91945041ac3ceb02e9ec6fe6510ff036bcc0bf91e69a1772edc0b707e12b19c0f2d6bcf58
  languageName: node
  linkType: hard

"picomatch@npm:^4.0.4":
  version: 4.0.5
  resolution: "picomatch@npm:4.0.5"
  checksum: 10c0/947bc6b6e1ff1e6c5aaf95b107a0839d12802f4f7b867663f67d47accba939ca1cb582cf99dfc30438efa1c4648ac5990967e783e8929c36b03e8440704ef1bd
  languageName: node
  linkType: hard

"postcss-value-parser@npm:^4.2.0":
  version: 4.2.0
  resolution: "postcss-value-parser@npm:4.2.0"
  checksum: 10c0/f4142a4f56565f77c1831168e04e3effd9ffcc5aebaf0f538eee4b2d465adfd4b85a44257bb48418202a63806a7da7fe9f56c330aebb3cac898e46b4cbf49161
  languageName: node
  linkType: hard

"postcss@npm:^8.5.26":
  version: 8.5.26
  resolution: "postcss@npm:8.5.26"
  dependencies:
    nanoid: "npm:^3.3.17"
    picocolors: "npm:^1.1.1"
    source-map-js: "npm:^1.2.1"
  checksum: 10c0/2bdafc00d96bd57b6649a52e458864a4bf58ee56cfdbe4aea1472b5cccc127e6c1ad653bd0bec50d211e650eb0b9270c80e1e72aff2e2fa40d9e7363234d6e43
  languageName: node
  linkType: hard

"proc-log@npm:^7.0.0":
  version: 7.0.0
  resolution: "proc-log@npm:7.0.0"
  checksum: 10c0/b89c2d862604f35fec795477b0c7e376feab3ba0d4f4d291c4e959567442697cf451ac557d0623c1cc38af45a78128b983410f397a10c5d3a67f76c33de4754b
  languageName: node
  linkType: hard

"readdirp@npm:^5.0.0":
  version: 5.1.1
  resolution: "readdirp@npm:5.1.1"
  checksum: 10c0/5e99755684b9104761e48801828f4d2614efa33b1698629929c5985184dc63a7f8233c827832c40dc7be16b00cc871d303cf9de396d2fb74b9465ee2aa2424a1
  languageName: node
  linkType: hard

"sass@npm:^1.103.0, sass@npm:^1.103.1":
  version: 1.103.1
  resolution: "sass@npm:1.103.1"
  dependencies:
    "@parcel/watcher": "npm:^2.4.1"
    chokidar: "npm:^5.0.0"
    immutable: "npm:^5.1.5"
    source-map-js: "npm:>=0.6.2 <2.0.0"
  dependenciesMeta:
    "@parcel/watcher":
      optional: true
  bin:
    sass: sass.js
  checksum: 10c0/8c786a201d9484e9968784d672372fabb342f3b4d1c4629ffdcfba92e4f2c00e659f4e32244c870850f7c2d254ce773da3fc1ec40b4282ccd113c0c086fa36bd
  languageName: node
  linkType: hard

"semver@npm:^7.3.5":
  version: 7.8.5
  resolution: "semver@npm:7.8.5"
  bin:
    semver: bin/semver.js
  checksum: 10c0/b1f3127a5be8125a94f37188b361c212466c292c6910adce3ec106cff5dc211ccaedc4739c11bb70fda59d6fc1f040a9bca289f4e093451521a2372e5231fe0c
  languageName: node
  linkType: hard

"source-map-js@npm:>=0.6.2 <2.0.0, source-map-js@npm:^1.2.1":
  version: 1.2.1
  resolution: "source-map-js@npm:1.2.1"
  checksum: 10c0/7bda1fc4c197e3c6ff17de1b8b2c20e60af81b63a52cb32ec5a5d67a20a7d42651e2cb34ebe93833c5a2a084377e17455854fee3e21e7925c64a51b6a52b0faf
  languageName: node
  linkType: hard

"source-map-support@npm:~0.5.20":
  version: 0.5.21
  resolution: "source-map-support@npm:0.5.21"
  dependencies:
    buffer-from: "npm:^1.0.0"
    source-map: "npm:^0.6.0"
  checksum: 10c0/9ee09942f415e0f721d6daad3917ec1516af746a8120bba7bb56278707a37f1eb8642bde456e98454b8a885023af81a16e646869975f06afc1a711fb90484e7d
  languageName: node
  linkType: hard

"source-map@npm:^0.6.0":
  version: 0.6.1
  resolution: "source-map@npm:0.6.1"
  checksum: 10c0/ab55398007c5e5532957cb0beee2368529618ac0ab372d789806f5718123cc4367d57de3904b4e6a4170eb5a0b0f41373066d02ca0735a0c4d75c7d328d3e011
  languageName: node
  linkType: hard

"tar@npm:^7.5.4":
  version: 7.5.22
  resolution: "tar@npm:7.5.22"
  dependencies:
    "@isaacs/fs-minipass": "npm:^4.0.0"
    chownr: "npm:^3.0.0"
    minipass: "npm:^7.1.2"
    minizlib: "npm:^3.1.0"
    yallist: "npm:^5.0.0"
  checksum: 10c0/1311f6be85a8157ac4c9147bae43e13923d2a1aae15e4aa1bd5239e4e03d2cf53cfe103dde7f35832fbb4c938b042856bc8e9a0afd29abd05e2d1608788c4fea
  languageName: node
  linkType: hard

"terser@npm:^5.50.0":
  version: 5.50.0
  resolution: "terser@npm:5.50.0"
  dependencies:
    "@jridgewell/source-map": "npm:^0.3.3"
    acorn: "npm:^8.15.0"
    commander: "npm:^2.20.0"
    source-map-support: "npm:~0.5.20"
  bin:
    terser: bin/terser
  checksum: 10c0/d932282186239fcdc53ffb67568c7e9f2a2c58e21618d71500fc855f7f6bb2efdf061d383313880ae8bb45c7ba7c089e50978a689e1a6e2bbd5307fb639f1113
  languageName: node
  linkType: hard

"tinyglobby@npm:^0.2.12":
  version: 0.2.17
  resolution: "tinyglobby@npm:0.2.17"
  dependencies:
    fdir: "npm:^6.5.0"
    picomatch: "npm:^4.0.4"
  checksum: 10c0/7f7bb0f197c88bc4b20c231e0deca4240ca3bf313a88f5a7fee93a872b84966a4d50220947c0455ad07a60b3b360961c5b7fd979222aeb716a9f99b412002e4c
  languageName: node
  linkType: hard

"tinymce-i18n@npm:^26.8.2":
  version: 26.8.2
  resolution: "tinymce-i18n@npm:26.8.2"
  checksum: 10c0/bfafb9c32aec70e316aea67d6c0f437fac7638f3a03f9c257059aadf42c2d37bd31d83be70506196e0b46933ad3182cfc6b61c1cc591d64015cd66aa96b59330
  languageName: node
  linkType: hard

"tinymce@npm:^6.8.3":
  version: 6.8.6
  resolution: "tinymce@npm:6.8.6"
  checksum: 10c0/69d48677366fa95dc7126f8474db92f2903ebc8b1f287541ac0c3a19e9fcd0eee8515278d6424a4a4c9fb7e6313de985c00dc37fcaa01ae676139634d793e2ee
  languageName: node
  linkType: hard

"undici@npm:^8.4.1":
  version: 8.10.0
  resolution: "undici@npm:8.10.0"
  checksum: 10c0/37ae2b1db8f65c3a003504e2040e96887b99f9db16ba07dcf49c37ed8b7f8c72f4452f2d46f52f7c9e49518fe8325e3b5e7e02ac3a2424886bd67d4b62a0ecab
  languageName: node
  linkType: hard

"update-browserslist-db@npm:^1.3.0":
  version: 1.3.1
  resolution: "update-browserslist-db@npm:1.3.1"
  dependencies:
    escalade: "npm:^3.2.0"
    picocolors: "npm:^1.1.1"
  peerDependencies:
    browserslist: ">= 4.21.0"
  bin:
    update-browserslist-db: cli.js
  checksum: 10c0/2a924f5aa283af2d918e5cd941c7e8d77b05adf2ffbe5ca461506b1ff05fee6e8bca74c0f1ba37eb28f00ec93b15e80de24c7222825835aec2dd7bf0a0f6a417
  languageName: node
  linkType: hard

"which@npm:^7.0.0":
  version: 7.0.0
  resolution: "which@npm:7.0.0"
  dependencies:
    isexe: "npm:^4.0.0"
  bin:
    node-which: bin/which.js
  checksum: 10c0/ca0b54f198f78bbc4b7c02e34bda8d335cb352e0adb4cbca1c37b1a957af3a879a82c4c27ca6525bc942f548d8b64f816ef6528360af9f3de55ffb9b979b620d
  languageName: node
  linkType: hard

"yallist@npm:^5.0.0":
  version: 5.0.0
  resolution: "yallist@npm:5.0.0"
  checksum: 10c0/a499c81ce6d4a1d260d4ea0f6d49ab4da09681e32c3f0472dee16667ed69d01dae63a3b81745a24bd78476ec4fcf856114cb4896ace738e01da34b2c42235416
  languageName: node
  linkType: hard
